
Microsoft Visual Studio Solution File, Format Version 12.00
# Visual Studio Version 16
VisualStudioVersion = 16.0.30002.166
MinimumVisualStudioVersion = 10.0.40219.1
Project("{FAE04EC0-301F-11D3-BF4B-00C04F79EFBC}") = "CapaVistaSeguridad", "CapaVistaSeguridad\CapaVistaSeguridad.csproj", "{6F948CA9-2B9D-4F99-A350-B47B0C45FD1E}"
EndProject
Project("{FAE04EC0-301F-11D3-BF4B-00C04F79EFBC}") = "CapaControladorSeguridad", "CapaControladorSeguridad\CapaControladorSeguridad.csproj", "{C75DFFF6-9C12-40AE-8590-F06B7AD2F003}"
EndProject
Project("{FAE04EC0-301F-11D3-BF4B-00C04F79EFBC}") = "CapaModeloSeguridad", "CapaModeloSeguridad\CapaModeloSeguridad.csproj", "{0C05E81F-6808-4847-A366-F5985AAB5D7C}"
EndProject
Global
	GlobalSection(SolutionConfigurationPlatforms) = preSolution
		Debug|Any CPU = Debug|Any CPU
		Release|Any CPU = Release|Any CPU
	EndGlobalSection
	GlobalSection(ProjectConfigurationPlatforms) = postSolution
		{6F948CA9-2B9D-4F99-A350-B47B0C45FD1E}.Debug|Any CPU.ActiveCfg = Debug|Any CPU
		{6F948CA9-2B9D-4F99-A350-B47B0C45FD1E}.Debug|Any CPU.Build.0 = Debug|Any CPU
		{6F948CA9-2B9D-4F99-A350-B47B0C45FD1E}.Release|Any CPU.ActiveCfg = Release|Any CPU
		{6F948CA9-2B9D-4F99-A350-B47B0C45FD1E}.Release|Any CPU.Build.0 = Release|Any CPU
		{C75DFFF6-9C12-40AE-8590-F06B7AD2F003}.Debug|Any CPU.ActiveCfg = Debug|Any CPU
		{C75DFFF6-9C12-40AE-8590-F06B7AD2F003}.Debug|Any CPU.Build.0 = Debug|Any CPU
		{C75DFFF6-9C12-40AE-8590-F06B7AD2F003}.Release|Any CPU.ActiveCfg = Release|Any CPU
		{C75DFFF6-9C12-40AE-8590-F06B7AD2F003}.Release|Any CPU.Build.0 = Release|Any CPU
		{0C05E81F-6808-4847-A366-F5985AAB5D7C}.Debug|Any CPU.ActiveCfg = Debug|Any CPU
		{0C05E81F-6808-4847-A366-F5985AAB5D7C}.Debug|Any CPU.Build.0 = Debug|Any CPU
		{0C05E81F-6808-4847-A366-F5985AAB5D7C}.Release|Any CPU.ActiveCfg = Release|Any CPU
		{0C05E81F-6808-4847-A366-F5985AAB5D7C}.Release|Any CPU.Build.0 = Release|Any CPU
	EndGlobalSection
	GlobalSection(SolutionProperties) = preSolution
		HideSolutionNode = FALSE
	EndGlobalSection
	GlobalSection(ExtensibilityGlobals) = postSolution
		SolutionGuid = {57F2D218-C9AC-4735-B273-11D4A03EEE37}
	EndGlobalSection
EndGlobal
